// !$*UTF8*$!
{
	archiveVersion = 1;
	classes = {
	};
	objectVersion = 46;
	objects = {

/* Begin PBXBuildFile section */
		A3F766AE1D542568008593C3 /* AppDelegate.swift in Sources */ = {isa = PBXBuildFile; fileRef = A3F766AD1D542568008593C3 /* AppDelegate.swift */; };
		A3F766B01D542568008593C3 /* ViewController.swift in Sources */ = {isa = PBXBuildFile; fileRef = A3F766AF1D542568008593C3 /* ViewController.swift */; };
		A3F766B31D542568008593C3 /* Main.storyboard in Resources */ = {isa = PBXBuildFile; fileRef = A3F766B11D542568008593C3 /* Main.storyboard */; };
		A3F766B51D542568008593C3 /* Assets.xcassets in Resources */ = {isa = PBXBuildFile; fileRef = A3F766B41D542568008593C3 /* Assets.xcassets */; };
		A3F766B81D542568008593C3 /* LaunchScreen.storyboard in Resources */ = {isa = PBXBuildFile; fileRef = A3F766B61D542568008593C3 /* LaunchScreen.storyboard */; };
/* End PBXBuildFile section */

/* Begin PBXFileReference section */
		A3F766AA1D542568008593C3 /* testRunloopHook.app */ = {isa = PBXFileReference; explicitFileType = wrapper.application; includeInIndex = 0; path = testRunloopHook.app; sourceTree = BUILT_PRODUCTS_DIR; };
		A3F766AD1D542568008593C3 /* AppDelegate.swift */ = {isa = PBXFileReference; lastKnownFileType = sourcecode.swift; path = AppDelegate.swift; sourceTree = "<group>"; };
		A3F766AF1D542568008593C3 /* ViewController.swift */ = {isa = PBXFileReference; lastKnownFileType = sourcecode.swift; path = ViewController.swift; sourceTree = "<group>"; };
		A3F766B21D542568008593C3 /* Base */ = {isa = PBXFileReference; lastKnownFileType = file.storyboard; name = Base; path = Base.lproj/Main.storyboard; sourceTree = "<group>"; };
		A3F766B41D542568008593C3 /* Assets.xcassets */ = {isa = PBXFileReference; lastKnownFileType = folder.assetcatalog; path = Assets.xcassets; sourceTree = "<group>"; };
		A3F766B71D542568008593C3 /* Base */ = {isa = PBXFileReference; lastKnownFileType = file.storyboard; name = Base; path = Base.lproj/LaunchScreen.storyboard; sourceTree = "<group>"; };
		A3F766B91D542568008593C3 /* Info.plist */ = {isa = PBXFileReference; lastKnownFileType = text.plist.xml; path = Info.plist; sourceTree = "<group>"; };
/* End PBXFileReference section */

/* Begin PBXFrameworksBuildPhase section */
		A3F766A71D542568008593C3 /* Frameworks */ = {
			isa = PBXFrameworksBuildPhase;
			buildActionMask = 2147483647;
			files = (
			);
			runOnlyForDeploymentPostprocessing = 0;
		};
/* End PBXFrameworksBuildPhase section */

/* Begin PBXGroup section */
		A3F766A11D542568008593C3 = {
			isa = PBXGroup;
			children = (
				A3F766AC1D542568008593C3 /* testRunloopHook */,
				A3F766AB1D542568008593C3 /* Products */,
			);
			sourceTree = "<group>";
		};
		A3F766AB1D542568008593C3 /* Products */ = {
			isa = PBXGroup;
			children = (
				A3F766AA1D542568008593C3 /* testRunloopHook.app */,
			);
			name = Products;
			sourceTree = "<group>";
		};
		A3F766AC1D542568008593C3 /* testRunloopHook */ = {
			isa = PBXGroup;
			children = (
				A3F766AD1D542568008593C3 /* AppDelegate.swift */,
				A3F766AF1D542568008593C3 /* ViewController.swift */,
				A3F766B11D542568008593C3 /* Main.storyboard */,
				A3F766B41D542568008593C3 /* Assets.xcassets */,
				A3F766B61D542568008593C3 /* LaunchScreen.storyboard */,
				A3F766B91D542568008593C3 /* Info.plist */,
			);
			path = testRunloopHook;
			sourceTree = "<group>";
		};
/* End PBXGroup section */

/* Begin PBXNativeTarget section */
		A3F766A91D542568008593C3 /* testRunloopHook */ = {
			isa = PBXNativeTarget;
			buildConfigurationList = A3F766BC1D542568008593C3 /* Build configuration list for PBXNativeTarget "testRunloopHook" */;
			buildPhases = (
				A3F766A61D542568008593C3 /* Sources */,
				A3F766A71D542568008593C3 /* Frameworks */,
				A3F766A81D542568008593C3 /* Resources */,
			);
			buildRules = (
			);
			dependencies = (
			);
			name = testRunloopHook;
			productName = testRunloopHook;
			productReference = A3F766AA1D542568008593C3 /* testRunloopHook.app */;
			productType = "com.apple.product-type.application";
		};
/* End PBXNativeTarget section */

/* Begin PBXProject section */
		A3F766A21D542568008593C3 /* Project object */ = {
			isa = PBXProject;
			attributes = {
				LastSwiftUpdateCheck = 0730;
				LastUpgradeCheck = 0730;
				ORGANIZATIONNAME = Ruguo;
				TargetAttributes = {
					A3F766A91D542568008593C3 = {
						CreatedOnToolsVersion = 7.3.1;
					};
				};
			};
			buildConfigurationList = A3F766A51D542568008593C3 /* Build configuration list for PBXProject "testRunloopHook" */;
			compatibilityVersion = "Xcode 3.2";
			developmentRegion = English;
			hasScannedForEncodings = 0;
			knownRegions = (
				en,
				Base,
			);
			mainGroup = A3F766A11D542568008593C3;
			productRefGroup = A3F766AB1D542568008593C3 /* Products */;
			projectDirPath = "";
			projectRoot = "";
			targets = (
				A3F766A91D542568008593C3 /* testRunloopHook */,
			);
		};
/* End PBXProject section */

/* Begin PBXResourcesBuildPhase section */
		A3F766A81D542568008593C3 /* Resources */ = {
			isa = PBXResourcesBuildPhase;
			buildActionMask = 2147483647;
			files = (
				A3F766B81D542568008593C3 /* LaunchScreen.storyboard in Resources */,
				A3F766B51D542568008593C3 /* Assets.xcassets in Resources */,
				A3F766B31D542568008593C3 /* Main.storyboard in Resources */,
			);
			runOnlyForDeploymentPostprocessing = 0;
		};
/* End PBXResourcesBuildPhase section */

/* Begin PBXSourcesBuildPhase section */
		A3F766A61D542568008593C3 /* Sources */ = {
			isa = PBXSourcesBuildPhase;
			buildActionMask = 2147483647;
			files = (
				A3F766B01D542568008593C3 /* ViewController.swift in Sources */,
				A3F766AE1D542568008593C3 /* AppDelegate.swift in Sources */,
			);
			runOnlyForDeploymentPostprocessing = 0;
		};
/* End PBXSourcesBuildPhase section */

/* Begin PBXVariantGroup section */
		A3F766B11D542568008593C3 /* Main.storyboard */ = {
			isa = PBXVariantGroup;
			children = (
				A3F766B21D542568008593C3 /* Base */,
			);
			name = Main.storyboard;
			sourceTree = "<group>";
		};
		A3F766B61D542568008593C3 /* LaunchScreen.storyboard */ = {
			isa = PBXVariantGroup;
			children = (
				A3F766B71D542568008593C3 /* Base */,
			);
			name = LaunchScreen.storyboard;
			sourceTree = "<group>";
		};
/* End PBXVariantGroup section */

/* Begin XCBuildConfiguration section */
		A3F766BA1D542568008593C3 /* Debug */ = {
			isa = XCBuildConfiguration;
			buildSettings = {
				ALWAYS_SEARCH_USER_PATHS = NO;
				CLANG_ANALYZER_NONNULL = YES;
				CLANG_CXX_LANGUAGE_STANDARD = "gnu++0x";
				CLANG_CXX_LIBRARY = "libc++";
				CLANG_ENABLE_MODULES = YES;
				CLANG_ENABLE_OBJC_ARC = YES;
				CLANG_WARN_BOOL_CONVERSION = YES;
				CLANG_WARN_CONSTANT_CONVERSION = YES;
				CLANG_WARN_DIRECT_OBJC_ISA_USAGE = YES_ERROR;
				CLANG_WARN_EMPTY_BODY = YES;
				CLANG_WARN_ENUM_CONVERSION = YES;
				CLANG_WARN_INT_CONVERSION = YES;
				CLANG_WARN_OBJC_ROOT_CLASS = YES_ERROR;
				CLANG_WARN_UNREACHABLE_CODE = YES;
				CLANG_WARN__DUPLICATE_METHOD_MATCH = YES;
				"CODE_SIGN_IDENTITY[sdk=iphoneos*]" = "iPhone Developer";
				COPY_PHASE_STRIP = NO;
				DEBUG_INFORMATION_FORMAT = dwarf;
				ENABLE_STRICT_OBJC_MSGSEND = YES;
				ENABLE_TESTABILITY = YES;
				GCC_C_LANGUAGE_STANDARD = gnu99;
				GCC_DYNAMIC_NO_PIC = NO;
				GCC_NO_COMMON_BLOCKS = YES;
				GCC_OPTIMIZATION_LEVEL = 0;
				GCC_PREPROCESSOR_DEFINITIONS = (
					"DEBUG=1",
					"$(inherited)",
				);
				GCC_WARN_64_TO_32_BIT_CONVERSION = YES;
				GCC_WARN_ABOUT_RETURN_TYPE = YES_ERROR;
				GCC_WARN_UNDECLARED_SELECTOR = YES;
				GCC_WARN_UNINITIALIZED_AUTOS = YES_AGGRESSIVE;
				GCC_WARN_UNUSED_FUNCTION = YES;
				GCC_WARN_UNUSED_VARIABLE = YES;
				IPHONEOS_DEPLOYMENT_TARGET = 9.3;
				MTL_ENABLE_DEBUG_INFO = YES;
				ONLY_ACTIVE_ARCH = YES;
				SDKROOT = iphoneos;
				SWIFT_OPTIMIZATION_LEVEL = "-Onone";
				TARGETED_DEVICE_FAMILY = "1,2";
			};
			name = Debug;
		};
		A3F766BB1D542568008593C3 /* Release */ = {
			isa = XCBuildConfiguration;
			buildSettings = {
				ALWAYS_SEARCH_USER_PATHS = NO;
				CLANG_ANALYZER_NONNULL = YES;
				CLANG_CXX_LANGUAGE_STANDARD = "gnu++0x";
				CLANG_CXX_LIBRARY = "libc++";
				CLANG_ENABLE_MODULES = YES;
				CLANG_ENABLE_OBJC_ARC = YES;
				CLANG_WARN_BOOL_CONVERSION = YES;
				CLANG_WARN_CONSTANT_CONVERSION = YES;
				CLANG_WARN_DIRECT_OBJC_ISA_USAGE = YES_ERROR;
				CLANG_WARN_EMPTY_BODY = YES;
				CLANG_WARN_ENUM_CONVERSION = YES;
				CLANG_WARN_INT_CONVERSION = YES;
				CLANG_WARN_OBJC_ROOT_CLASS = YES_ERROR;
				CLANG_WARN_UNREACHABLE_CODE = YES;
				CLANG_WARN__DUPLICATE_METHOD_MATCH = YES;
				"CODE_SIGN_IDENTITY[sdk=iphoneos*]" = "iPhone Developer";
				COPY_PHASE_STRIP = NO;
				DEBUG_INFORMATION_FORMAT = "dwarf-with-dsym";
				ENABLE_NS_ASSERTIONS = NO;
				ENABLE_STRICT_OBJC_MSGSEND = YES;
				GCC_C_LANGUAGE_STANDARD = gnu99;
				GCC_NO_COMMON_BLOCKS = YES;
				GCC_WARN_64_TO_32_BIT_CONVERSION = YES;
				GCC_WARN_ABOUT_RETURN_TYPE = YES_ERROR;
				GCC_WARN_UNDECLARED_SELECTOR = YES;
				GCC_WARN_UNINITIALIZED_AUTOS = YES_AGGRESSIVE;
				GCC_WARN_UNUSED_FUNCTION = YES;
				GCC_WARN_UNUSED_VARIABLE = YES;
				IPHONEOS_DEPLOYMENT_TARGET = 9.3;
				MTL_ENABLE_DEBUG_INFO = NO;
				SDKROOT = iphoneos;
				TARGETED_DEVICE_FAMILY = "1,2";
				VALIDATE_PRODUCT = YES;
			};
			name = Release;
		};
		A3F766BD1D542568008593C3 /* Debug */ = {
			isa = XCBuildConfiguration;
			buildSettings = {
				ASSETCATALOG_COMPILER_APPICON_NAME = AppIcon;
				INFOPLIST_FILE = testRunloopHook/Info.plist;
				LD_RUNPATH_SEARCH_PATHS = "$(inherited) @executable_path/Frameworks";
				PRODUCT_BUNDLE_IDENTIFIER = com.ruguoapp.testRunloopHook;
				PRODUCT_NAME = "$(TARGET_NAME)";
			};
			name = Debug;
		};
		A3F766BE1D542568008593C3 /* Release */ = {
			isa = XCBuildConfiguration;
			buildSettings = {
				ASSETCATALOG_COMPILER_APPICON_NAME = AppIcon;
				INFOPLIST_FILE = testRunloopHook/Info.plist;
				LD_RUNPATH_SEARCH_PATHS = "$(inherited) @executable_path/Frameworks";
				PRODUCT_BUNDLE_IDENTIFIER = com.ruguoapp.testRunloopHook;
				PRODUCT_NAME = "$(TARGET_NAME)";
			};
			name = Release;
		};
/* End XCBuildConfiguration section */

/* Begin XCConfigurationList section */
		A3F766A51D542568008593C3 /* Build configuration list for PBXProject "testRunloopHook" */ = {
			isa = XCConfigurationList;
			buildConfigurations = (
				A3F766BA1D542568008593C3 /* Debug */,
				A3F766BB1D542568008593C3 /* Release */,
			);
			defaultConfigurationIsVisible = 0;
			defaultConfigurationName = Release;
		};
		A3F766BC1D542568008593C3 /* Build configuration list for PBXNativeTarget "testRunloopHook" */ = {
			isa = XCConfigurationList;
			buildConfigurations = (
				A3F766BD1D542568008593C3 /* Debug */,
				A3F766BE1D542568008593C3 /* Release */,
			);
			defaultConfigurationIsVisible = 0;
		};
/* End XCConfigurationList section */
	};
	rootObject = A3F766A21D542568008593C3 /* Project object */;
}
